{"1.1.0",
[{<<"amoc">>,
  {git,"https://github.com/esl/amoc",
       {ref,"f02a1f7b052ed02e9a5ef5db93e10bf33bb05b9c"}},
  0},
 {<<"amoc_rest">>,
  {git,"https://github.com/esl/amoc_rest.git",
       {ref,"59ccffad8fa3662bde44f54772a01c60192f8b04"}},
  1},
 {<<"base16">>,{pkg,<<"base16">>,<<"1.0.0">>},1},
 {<<"bbmustache">>,{pkg,<<"bbmustache">>,<<"1.10.0">>},1},
 {<<"cowboy">>,{pkg,<<"cowboy">>,<<"2.8.0">>},2},
 {<<"cowlib">>,{pkg,<<"cowlib">>,<<"2.6.0">>},2},
 {<<"escalus">>,
  {git,"https://github.com/esl/escalus.git",
       {ref,"a59a834ef8ef8f47ee2e1339c1471dd207a4cdb3"}},
  0},
 {<<"exml">>,
  {git,"https://github.com/esl/exml.git",
       {ref,"078499f8b2d36ba9957bc931321f41c0a48c4a05"}},
  1},
 {<<"exometer_core">>,
  {git,"https://github.com/esl/exometer_core.git",
       {ref,"979ff04bcabc276c122b47fb7e6b54fbded62576"}},
  1},
 {<<"exometer_report_graphite">>,
  {git,"https://github.com/esl/exometer_report_graphite.git",
       {ref,"264dd7bcbadbd7febcd43917302251286c88b681"}},
  1},
 {<<"fast_scram">>,{pkg,<<"fast_scram">>,<<"0.2.0">>},1},
 {<<"fast_tls">>,
  {git,"https://github.com/processone/fast_tls.git",
       {ref,"f91cc81075f320d260655bc92799d50d87b4afe9"}},
  1},
 {<<"fusco">>,
  {git,"https://github.com/esl/fusco.git",
       {ref,"de08adef32d12f0984d6d1c6fec28be207db2e7e"}},
  1},
 {<<"goldrush">>,{pkg,<<"goldrush">>,<<"0.1.9">>},1},
 {<<"gun">>,{pkg,<<"gun">>,<<"1.3.2">>},1},
 {<<"hut">>,{pkg,<<"hut">>,<<"1.2.1">>},2},
 {<<"jesse">>,{pkg,<<"jesse">>,<<"1.5.5">>},2},
 {<<"jsx">>,{pkg,<<"jsx">>,<<"2.11.0">>},2},
 {<<"lager">>,{pkg,<<"lager">>,<<"3.6.8">>},0},
 {<<"meck">>,{pkg,<<"meck">>,<<"0.8.13">>},1},
 {<<"p1_utils">>,{pkg,<<"p1_utils">>,<<"1.0.21">>},2},
 {<<"parse_trans">>,{pkg,<<"parse_trans">>,<<"3.3.0">>},2},
 {<<"quickrand">>,{pkg,<<"quickrand">>,<<"1.8.0">>},2},
 {<<"ranch">>,{pkg,<<"ranch">>,<<"1.7.1">>},3},
 {<<"rfc3339">>,
  {git,"https://github.com/talentdeficit/rfc3339.git",
       {ref,"31716adecb4b405b1f5ef80b9f3fa50f39b26af8"}},
  2},
 {<<"uuid">>,{pkg,<<"uuid_erl">>,<<"1.8.0">>},1},
 {<<"worker_pool">>,{pkg,<<"worker_pool">>,<<"3.2.0">>},1}]}.
[
{pkg_hash,[
 {<<"base16">>, <<"283644E2B21BD5915ACB7178BED7851FB07C6E5749B8FAD68A53C501092176D9">>},
 {<<"bbmustache">>, <<"DDC927463F0E95D66CDAC889153AF08015D609124D6D79006C248AD2DE7F6ECD">>},
 {<<"cowboy">>, <<"F3DC62E35797ECD9AC1B50DB74611193C29815401E53BAC9A5C0577BD7BC667D">>},
 {<<"cowlib">>, <<"8AA629F81A0FC189F261DC98A42243FA842625FEEA3C7EC56C48F4CCDB55490F">>},
 {<<"fast_scram">>, <<"1F8F467D34374D00CE4AB8D6F78430EA8ADCCD2DA6D5BA0069B9EA8A1CAC6DE1">>},
 {<<"goldrush">>, <<"F06E5D5F1277DA5C413E84D5A2924174182FB108DABB39D5EC548B27424CD106">>},
 {<<"gun">>, <<"542064CBB9F613650B8A8100B3A927505F364FBE198B7A5A112868FF43F3E477">>},
 {<<"hut">>, <<"08D46679523043424870723923971889E8A34D63B2F946A35B46CF921D1236E7">>},
 {<<"jesse">>, <<"ECFD2C1634C49052CA907B4DFDE1D1F44B7FD7862D933F4590807E42759B8072">>},
 {<<"jsx">>, <<"08154624050333919B4AC1B789667D5F4DB166DC50E190C4D778D1587F102EE0">>},
 {<<"lager">>, <<"897EFC7679BB82383448646C96768CDC4E747464DD18B999C7AACA485686B0DA">>},
 {<<"meck">>, <<"FFEDB39F99B0B99703B8601C6F17C7F76313EE12DE6B646E671E3188401F7866">>},
 {<<"p1_utils">>, <<"9D6244BBD4AF881E85AF71655E8BE5720B5B965B1BDD51A35C7871FD4142AF9A">>},
 {<<"parse_trans">>, <<"09765507A3C7590A784615CFD421D101AEC25098D50B89D7AA1D66646BC571C1">>},
 {<<"quickrand">>, <<"E47CE597FF067385FF5836C8C7706AC7F8AA7B47DD90C6417E05B64696F872FA">>},
 {<<"ranch">>, <<"6B1FAB51B49196860B733A49C07604465A47BDB78AA10C1C16A3D199F7F8C881">>},
 {<<"uuid">>, <<"280014F8FF57FCE36EE6E91C3ECF21CBFCE78AAE9854C09597BB4C11E27B66D6">>},
 {<<"worker_pool">>, <<"54DD752BA4CA4B702124C45803AA958B36BCE77D683B87886606F1AADA3E124D">>}]}
].
