{"1.2.0",
[{<<"accept">>,{pkg,<<"accept">>,<<"0.3.5">>},3},
 {<<"amoc">>,{pkg,<<"amoc">>,<<"3.3.0">>},1},
 {<<"amoc_arsenal">>,
  {git,"https://github.com/esl/amoc-arsenal.git",
       {ref,"5e2140ff8c11295a45ff8a555444baf7d0ebab27"}},
  0},
 {<<"amoc_rest">>,
  {git,"https://github.com/esl/amoc_rest.git",
       {ref,"d9f642255f48d14a1ff9601500796f5edb4e11e6"}},
  1},
 {<<"base16">>,{pkg,<<"base16">>,<<"2.0.1">>},1},
 {<<"bbmustache">>,{pkg,<<"bbmustache">>,<<"1.12.2">>},1},
 {<<"cowboy">>,{pkg,<<"cowboy">>,<<"2.12.0">>},2},
 {<<"cowlib">>,{pkg,<<"cowlib">>,<<"2.13.0">>},1},
 {<<"escalus">>,{pkg,<<"escalus">>,<<"4.2.16">>},0},
 {<<"exml">>,{pkg,<<"hexml">>,<<"3.4.1">>},0},
 {<<"fast_pbkdf2">>,{pkg,<<"fast_pbkdf2">>,<<"1.0.5">>},2},
 {<<"fast_scram">>,{pkg,<<"fast_scram">>,<<"0.6.0">>},1},
 {<<"fast_tls">>,{pkg,<<"fast_tls">>,<<"1.1.21">>},1},
 {<<"fusco">>,{pkg,<<"fusco">>,<<"0.1.1">>},0},
 {<<"gun">>,{pkg,<<"gun">>,<<"2.1.0">>},0},
 {<<"jesse">>,{pkg,<<"jesse">>,<<"1.8.1">>},2},
 {<<"meck">>,{pkg,<<"meck">>,<<"0.9.2">>},1},
 {<<"p1_utils">>,{pkg,<<"p1_utils">>,<<"1.0.26">>},2},
 {<<"prometheus">>,{pkg,<<"prometheus">>,<<"4.11.0">>},1},
 {<<"prometheus_cowboy">>,{pkg,<<"prometheus_cowboy">>,<<"0.1.8">>},1},
 {<<"prometheus_httpd">>,{pkg,<<"prometheus_httpd">>,<<"2.1.11">>},2},
 {<<"quantile_estimator">>,{pkg,<<"quantile_estimator">>,<<"0.2.1">>},2},
 {<<"quickrand">>,{pkg,<<"quickrand">>,<<"2.0.7">>},2},
 {<<"ranch">>,{pkg,<<"ranch">>,<<"2.1.0">>},2},
 {<<"telemetry">>,{pkg,<<"telemetry">>,<<"1.3.0">>},1},
 {<<"uuid">>,{pkg,<<"uuid_erl">>,<<"2.0.7">>},1},
 {<<"worker_pool">>,{pkg,<<"worker_pool">>,<<"6.2.1">>},1}]}.
[
{pkg_hash,[
 {<<"accept">>, <<"B33B127ABCA7CC948BBE6CAA4C263369ABF1347CFA9D8E699C6D214660F10CD1">>},
 {<<"amoc">>, <<"531B7E8CE39D40B4BF5A819868091C4451DC3D3FDAE753E3E3B1D0E5E8E81CDD">>},
 {<<"base16">>, <<"F0549F732E03BE8124ED0D19FD5EE52146CC8BE24C48CBC3F23AB44B157F11A2">>},
 {<<"bbmustache">>, <<"0CABDCE0DB9FE6D3318131174B9F2B351328A4C0AFBEB3E6E99BB0E02E9B621D">>},
 {<<"cowboy">>, <<"F276D521A1FF88B2B9B4C54D0E753DA6C66DD7BE6C9FCA3D9418B561828A3731">>},
 {<<"cowlib">>, <<"DB8F7505D8332D98EF50A3EF34B34C1AFDDEC7506E4EE4DD4A3A266285D282CA">>},
 {<<"escalus">>, <<"EC83C277DECD721C3B219823C159D66CF94981A0796473617E4C0835E7395FE5">>},
 {<<"exml">>, <<"9581FE6512D9772C61BBE611CD4A8E5BB90B4D4481275325EC520F7A931A9393">>},
 {<<"fast_pbkdf2">>, <<"6045138C4C209FC8222A0B18B2CB1D7BD7407EF4ADAD0F14C5E0F7F4726E3E41">>},
 {<<"fast_scram">>, <<"70724F584A118DA147A51EE38DEE56203F217D58AD61E0BB2C2EF834C16B35B8">>},
 {<<"fast_tls">>, <<"65D7D547A09EEFB37A1C0D04D8601FAC4F3E6E2C1EDE859A7787081670F9648D">>},
 {<<"fusco">>, <<"3DD6A90151DFEF30EA1937CC44E9A59177C0094918388D9BCAA2F2DC5E2AE4AA">>},
 {<<"gun">>, <<"B4E4CBBF3026D21981C447E9E7CA856766046EFF693720BA43114D7F5DE36E87">>},
 {<<"jesse">>, <<"C9E3670C7EE40F719734E3BC716578143AABA93FC7525A02A7D5CB300B3AD71E">>},
 {<<"meck">>, <<"85CCBAB053F1DB86C7CA240E9FC718170EE5BDA03810A6292B5306BF31BAE5F5">>},
 {<<"p1_utils">>, <<"67B0C4AC9FA3BA3EF563B31AA111B0A004439A37FAC85E027F1C3617E1C7EC6C">>},
 {<<"prometheus">>, <<"B95F8DE8530F541BD95951E18E355A840003672E5EDA4788C5FA6183406BA29A">>},
 {<<"prometheus_cowboy">>, <<"CFCE0BC7B668C5096639084FCD873826E6220EA714BF60A716F5BD080EF2A99C">>},
 {<<"prometheus_httpd">>, <<"F616ED9B85B536B195D94104063025A91F904A4CFC20255363F49A197D96C896">>},
 {<<"quantile_estimator">>, <<"EF50A361F11B5F26B5F16D0696E46A9E4661756492C981F7B2229EF42FF1CD15">>},
 {<<"quickrand">>, <<"D2BD76676A446E6A058D678444B7FDA1387B813710D1AF6D6E29BB92186C8820">>},
 {<<"ranch">>, <<"2261F9ED9574DCFCC444106B9F6DA155E6E540B2F82BA3D42B339B93673B72A3">>},
 {<<"telemetry">>, <<"FEDEBBAE410D715CF8E7062C96A1EF32EC22E764197F70CDA73D82778D61E7A2">>},
 {<<"uuid">>, <<"B2078D2CC814F53AFA52D36C91E08962C7E7373585C623F4C0EA6DFB04B2AF94">>},
 {<<"worker_pool">>, <<"BD98A0BE1D20057AE9967CBE73D263AEA5BE14BBE4C73CAFEB1378572FF14561">>}]},
{pkg_hash_ext,[
 {<<"accept">>, <<"11B18C220BCC2EAB63B5470C038EF10EB6783BCB1FCDB11AA4137DEFA5AC1BB8">>},
 {<<"amoc">>, <<"B8DD4F77BB94716ABC64E863158EEF8E1375CECB2F69E57DC4A293B0949D4985">>},
 {<<"base16">>, <<"06EA2D48343282E712160BA89F692B471DB8B36ABE8394F3445FF9032251D772">>},
 {<<"bbmustache">>, <<"688B33A4D5CC2D51F575ADF0B3683FC40A38314A2F150906EDCFC77F5B577B3B">>},
 {<<"cowboy">>, <<"8A7ABE6D183372CEB21CAA2709BEC928AB2B72E18A3911AA1771639BEF82651E">>},
 {<<"cowlib">>, <<"E1E1284DC3FC030A64B1AD0D8382AE7E99DA46C3246B815318A4B848873800A4">>},
 {<<"escalus">>, <<"3CA9D58F39A3FBD618A1E7B5D57AE97B76016330BB2374C430AA9278669243CC">>},
 {<<"exml">>, <<"D8E7894E2544402B4986EEB2443C15B51B14F686266F091DBF2777D1D99A2FA2">>},
 {<<"fast_pbkdf2">>, <<"BC3B5A3CAB47AD114FF8BB815FEDE62A6187ACD14D8B37412F2AF8236A089CEF">>},
 {<<"fast_scram">>, <<"771D034341599CFC6A6C5E56CF924B68D2C7478088CAF17419E3147B66914667">>},
 {<<"fast_tls">>, <<"131542913937025E48CD80AA81F00359686D5501B75621E72026A87B5229505B">>},
 {<<"fusco">>, <<"6343551BD1E824F2A6CA85E1158C5B37C320FD449FBFEC7450A73F192AAF9022">>},
 {<<"gun">>, <<"52FC7FC246BFC3B00E01AEA1C2854C70A366348574AB50C57DFE796D24A0101D">>},
 {<<"jesse">>, <<"0EDED3F18623FDA2F25989804A06CF518B4ACF2E9365B18C8E8C013D7E3C906F">>},
 {<<"meck">>, <<"81344F561357DC40A8344AFA53767C32669153355B626EA9FCBC8DA6B3045826">>},
 {<<"p1_utils">>, <<"D0379E8C1156B98BD64F8129C1DE022FCCA4F2FDB7486CE73BF0ED2C3376B04C">>},
 {<<"prometheus">>, <<"719862351AABF4DF7079B05DC085D2BBCBE3AC0AC3009E956671B1D5AB88247D">>},
 {<<"prometheus_cowboy">>, <<"BA286BECA9302618418892D37BCD5DC669A6CC001F4EB6D6AF85FF81F3F4F34C">>},
 {<<"prometheus_httpd">>, <<"0BBE831452CFDF9588538EB2F570B26F30C348ADAE5E95A7D87F35A5910BCF92">>},
 {<<"quantile_estimator">>, <<"282A8A323CA2A845C9E6F787D166348F776C1D4A41EDE63046D72D422E3DA946">>},
 {<<"quickrand">>, <<"B8ACBF89A224BC217C3070CA8BEBC6EB236DBE7F9767993B274084EA044D35F0">>},
 {<<"ranch">>, <<"244EE3FA2A6175270D8E1FC59024FD9DBC76294A321057DE8F803B1479E76916">>},
 {<<"telemetry">>, <<"7015FC8919DBE63764F4B4B87A95B7C0996BD539E0D499BE6EC9D7F3875B79E6">>},
 {<<"uuid">>, <<"4E4C5CA3461DC47C5E157ED42AA3981A053B7A186792AF972A27B14A9489324E">>},
 {<<"worker_pool">>, <<"64E560DE08CA5E7DB8BD4CDCC7B744B0659696194E3BC9E56239BA4A0F7E24F9">>}]}
].
