{"1.2.0",
[{<<"amoc">>,
  {git,"https://github.com/esl/amoc",
       {ref,"718c6700fc611d56ba6263fcca671b343ac14cdf"}},
  0},
 {<<"amoc_rest">>,
  {git,"https://github.com/esl/amoc_rest.git",
       {ref,"103c3123a8cf0464b9c3f9392af6a396673f67bd"}},
  1},
 {<<"base16">>,{pkg,<<"base16">>,<<"2.0.1">>},1},
 {<<"bbmustache">>,{pkg,<<"bbmustache">>,<<"1.12.2">>},1},
 {<<"cowboy">>,{pkg,<<"cowboy">>,<<"2.9.0">>},2},
 {<<"cowlib">>,{pkg,<<"cowlib">>,<<"2.11.0">>},2},
 {<<"docsh">>,{pkg,<<"docsh">>,<<"0.7.2">>},1},
 {<<"escalus">>,{pkg,<<"escalus">>,<<"4.2.7">>},0},
 {<<"exml">>,{pkg,<<"hexml">>,<<"3.1.1">>},1},
 {<<"exometer_core">>,
  {git,"https://github.com/esl/exometer_core.git",
       {ref,"979ff04bcabc276c122b47fb7e6b54fbded62576"}},
  1},
 {<<"exometer_report_graphite">>,
  {git,"https://github.com/esl/exometer_report_graphite.git",
       {ref,"264dd7bcbadbd7febcd43917302251286c88b681"}},
  1},
 {<<"fast_pbkdf2">>,{pkg,<<"fast_pbkdf2">>,<<"1.0.3">>},2},
 {<<"fast_scram">>,{pkg,<<"fast_scram">>,<<"0.4.4">>},1},
 {<<"fast_tls">>,{pkg,<<"fast_tls">>,<<"1.1.13">>},1},
 {<<"fusco">>,{pkg,<<"fusco">>,<<"0.1.1">>},0},
 {<<"getopt">>,{pkg,<<"getopt">>,<<"1.0.1">>},3},
 {<<"gun">>,{pkg,<<"gun">>,<<"2.0.0-rc.2">>},1},
 {<<"hut">>,{pkg,<<"hut">>,<<"1.2.1">>},2},
 {<<"jesse">>,{pkg,<<"jesse">>,<<"1.5.6">>},2},
 {<<"jiffy">>,{pkg,<<"jiffy">>,<<"1.1.1">>},0},
 {<<"jsx">>,{pkg,<<"jsx">>,<<"3.1.0">>},2},
 {<<"meck">>,{pkg,<<"meck">>,<<"0.9.2">>},1},
 {<<"p1_utils">>,{pkg,<<"p1_utils">>,<<"1.0.23">>},2},
 {<<"parse_trans">>,{pkg,<<"parse_trans">>,<<"3.3.0">>},2},
 {<<"providers">>,{pkg,<<"providers">>,<<"1.8.1">>},2},
 {<<"quickrand">>,{pkg,<<"quickrand">>,<<"2.0.4">>},2},
 {<<"ranch">>,{pkg,<<"ranch">>,<<"1.8.0">>},3},
 {<<"rfc3339">>,{pkg,<<"rfc3339">>,<<"0.9.0">>},2},
 {<<"uuid">>,{pkg,<<"uuid_erl">>,<<"2.0.4">>},1},
 {<<"worker_pool">>,{pkg,<<"worker_pool">>,<<"6.0.0">>},1}]}.
[
{pkg_hash,[
 {<<"base16">>, <<"F0549F732E03BE8124ED0D19FD5EE52146CC8BE24C48CBC3F23AB44B157F11A2">>},
 {<<"bbmustache">>, <<"0CABDCE0DB9FE6D3318131174B9F2B351328A4C0AFBEB3E6E99BB0E02E9B621D">>},
 {<<"cowboy">>, <<"865DD8B6607E14CF03282E10E934023A1BD8BE6F6BACF921A7E2A96D800CD452">>},
 {<<"cowlib">>, <<"0B9FF9C346629256C42EBE1EEB769A83C6CB771A6EE5960BD110AB0B9B872063">>},
 {<<"docsh">>, <<"F893D5317A0E14269DD7FE79CF95FB6B9BA23513DA0480EC6E77C73221CAE4F2">>},
 {<<"escalus">>, <<"496D14C505224023C4296E11A8A4C231036517A5E739FACF0C5F87277E48A61A">>},
 {<<"exml">>, <<"125CA2FEF7F960B1B4B7D4B06FA77EDBCD49C458F7B9CD564AB61DF3F937815C">>},
 {<<"fast_pbkdf2">>, <<"4F09D6C6C20DBEE1970E0A6AE91432E1B7731F88426C671D083BAC31FFA1FDAD">>},
 {<<"fast_scram">>, <<"299A2D430955A62A94CB43B1A727C5D21A5C4BD11AEBA476AE2F3A24CFBE89C3">>},
 {<<"fast_tls">>, <<"828CDC75E1E8FCE8158846D2B971D8B4FE2B2DDCC75B759E88D751079BF78AFD">>},
 {<<"fusco">>, <<"3DD6A90151DFEF30EA1937CC44E9A59177C0094918388D9BCAA2F2DC5E2AE4AA">>},
 {<<"getopt">>, <<"C73A9FA687B217F2FF79F68A3B637711BB1936E712B521D8CE466B29CBF7808A">>},
 {<<"gun">>, <<"7C489A32DEDCCB77B6E82D1F3C5A7DADFBFA004EC14E322CDB5E579C438632D2">>},
 {<<"hut">>, <<"08D46679523043424870723923971889E8A34D63B2F946A35B46CF921D1236E7">>},
 {<<"jesse">>, <<"593B8CAD26AF3CC0E44C727BD8CBDE56E2B0DE4C8D2738B1C258B6936A40A6A3">>},
 {<<"jiffy">>, <<"ACA10F47AA91697BF24AB9582C74E00E8E95474C7EF9F76D4F1A338D0F5DE21B">>},
 {<<"jsx">>, <<"D12516BAA0BB23A59BB35DCCAF02A1BD08243FCBB9EFE24F2D9D056CCFF71268">>},
 {<<"meck">>, <<"85CCBAB053F1DB86C7CA240E9FC718170EE5BDA03810A6292B5306BF31BAE5F5">>},
 {<<"p1_utils">>, <<"7F94466ADA69BD982EA7BB80FBCA18E7053E7D0B82C9D9E37621FA508587069B">>},
 {<<"parse_trans">>, <<"09765507A3C7590A784615CFD421D101AEC25098D50B89D7AA1D66646BC571C1">>},
 {<<"providers">>, <<"70B4197869514344A8A60E2B2A4EF41CA03DEF43CFB1712ECF076A0F3C62F083">>},
 {<<"quickrand">>, <<"168CA3A8466A26912B8C3A1D6AA58975E1BB49E5C7AFB4998B80F6B90F910490">>},
 {<<"ranch">>, <<"8C7A100A139FD57F17327B6413E4167AC559FBC04CA7448E9BE9057311597A1D">>},
 {<<"rfc3339">>, <<"2075653DC9407541C84B1E15F8BDA2ABE95FB17C9694025E079583F2D19C1060">>},
 {<<"uuid">>, <<"77C3E3EE1E1701A2856CE945846D7CEB71931C60633A305D0B0FEAE03B2B3B5C">>},
 {<<"worker_pool">>, <<"F7B442B30121EED6D8C828833533E5C15DB61E4AB2EF343C8B67824267656822">>}]},
{pkg_hash_ext,[
 {<<"base16">>, <<"06EA2D48343282E712160BA89F692B471DB8B36ABE8394F3445FF9032251D772">>},
 {<<"bbmustache">>, <<"688B33A4D5CC2D51F575ADF0B3683FC40A38314A2F150906EDCFC77F5B577B3B">>},
 {<<"cowboy">>, <<"2C729F934B4E1AA149AFF882F57C6372C15399A20D54F65C8D67BEF583021BDE">>},
 {<<"cowlib">>, <<"2B3E9DA0B21C4565751A6D4901C20D1B4CC25CBB7FD50D91D2AB6DD287BC86A9">>},
 {<<"docsh">>, <<"4E7DB461BB07540D2BC3D366B8513F0197712D0495BB85744F367D3815076134">>},
 {<<"escalus">>, <<"05614337F7CC4383EC73C036CD2C6D3B9A87E86A5D1EE82F160736188F460675">>},
 {<<"exml">>, <<"D7D104FAE002FBB9B2096B4F9640073A89DF440CACB17ED87E45FCEEF7D8544F">>},
 {<<"fast_pbkdf2">>, <<"2900431E2E6402F23A92754448BBD949DA366BC9C984FDC791DDCFCC41042434">>},
 {<<"fast_scram">>, <<"4B30084E3BDB39158076381FC871035BEFD157D5EE614BDA5E19EA482855E5D5">>},
 {<<"fast_tls">>, <<"D1F422AF40C7777FE534496F508EE86515CB929AD10F7D1D56AA94CE899B44A0">>},
 {<<"fusco">>, <<"6343551BD1E824F2A6CA85E1158C5B37C320FD449FBFEC7450A73F192AAF9022">>},
 {<<"getopt">>, <<"53E1AB83B9CEB65C9672D3E7A35B8092E9BDC9B3EE80721471A161C10C59959C">>},
 {<<"gun">>, <<"6B9D1EAE146410D727140DBF8B404B9631302ECC2066D1D12F22097AD7D254FC">>},
 {<<"hut">>, <<"953FC447514BAF9CC79FA147D66469243C94DFA1593779614E070C692D0BF0F3">>},
 {<<"jesse">>, <<"3F9475B0C5B242E09592604AABB03328501D7E3D8A528173B5A75396EEDB0060">>},
 {<<"jiffy">>, <<"62E1F0581C3C19C33A725C781DFA88410D8BFF1BBAFC3885A2552286B4785C4C">>},
 {<<"jsx">>, <<"0C5CC8FDC11B53CC25CF65AC6705AD39E54ECC56D1C22E4ADB8F5A53FB9427F3">>},
 {<<"meck">>, <<"81344F561357DC40A8344AFA53767C32669153355B626EA9FCBC8DA6B3045826">>},
 {<<"p1_utils">>, <<"47F21618694EEEE5006AF1C88731AD86B757161E7823C29B6F73921B571C8502">>},
 {<<"parse_trans">>, <<"17EF63ABDE837AD30680EA7F857DD9E7CED9476CDD7B0394432AF4BFC241B960">>},
 {<<"providers">>, <<"E45745ADE9C476A9A469EA0840E418AB19360DC44F01A233304E118A44486BA0">>},
 {<<"quickrand">>, <<"4CB18E9304CF28E054E8DC6E151D1AC7F174E6FE31D5C1A07F71279B92A90800">>},
 {<<"ranch">>, <<"49FBCFD3682FAB1F5D109351B61257676DA1A2FDBE295904176D5E521A2DDFE5">>},
 {<<"rfc3339">>, <<"182314DE35C9F4180B22EB5F22916D8D7A799C1109A060C752970273A9332AD6">>},
 {<<"uuid">>, <<"7A4CCD1C151D9B88B4383FA802BCCF9BCB3754B7F53D7CAA164D51A14A6652E4">>},
 {<<"worker_pool">>, <<"F9D95B85E80C5C27B7AB2E60BF780DA70A5E26DD9E6D30BE45032742FC039CC5">>}]}
].
